github.com/atdiar/particleui v0.0.0-20241019181046-13f3ced0d510 h1:HF93LN8w+CFK/MKWb/Kw9k5mb0LonTCNenNUf/3mbfU=
github.com/atdiar/particleui v0.0.0-20241019181046-13f3ced0d510/go.mod h1:exOkQ0uHKrLBBL+hgLFAHgQadYqjkW0XPv7C815RTfY=
github.com/atdiar/particleui/drivers/js v0.0.0-20241019181046-13f3ced0d510 h1:l8IZt7Truaz3tNtvHPKsptgfnrhhlUK+z18t1hsX3v4=
github.com/atdiar/particleui/drivers/js v0.0.0-20241019181046-13f3ced0d510/go.mod h1:p/gFiye+nbp97FEjUqxV/BBCntrr8SRTJZSZddpCn8A=
github.com/atdiar/particleui/drivers/js/compat v0.0.0-20241019181046-13f3ced0d510 h1:ks+SfsOiIhncaGz5iaplJIYazLR8Ehgo1ZdG4wPquYI=
github.com/atdiar/particleui/drivers/js/compat v0.0.0-20241019181046-13f3ced0d510/go.mod h1:eNRcLlsUOSlgqcUVDODjmoOfGG3sbyTa1mIbY2ExUR0=
github.com/fsnotify/fsnotify v1.8.0 h1:dAwr6QBTBZIkG8roQaJjGof0pp0EeF+tNV7YBP3F/8M=
github.com/fsnotify/fsnotify v1.8.0/go.mod h1:8jBTzvmWwFyi3Pb8djgCCO5IBqzKJ/Jwo8TRcHyHii0=
golang.org/x/net v0.30.0 h1:AcW1SDZMkb8IpzCdQUaIq2sP4sZ4zw+55h6ynffypl4=
golang.org/x/net v0.30.0/go.mod h1:2wGyMJ5iFasEhkwi13ChkO/t1ECNC4X4eBKkVFyYFlU=
golang.org/x/sys v0.27.0 h1:wBqf8DvsY9Y/2P8gAfPDEYNuS30J4lPHJxXSb/nJZ+s=
golang.org/x/sys v0.27.0/go.mod h1:/VUhepiaJMQUp4+oa/7Zr1D23ma6VTLIYjOOTFZPUcA=
